
Microsoft Visual Studio Solution File, Format Version 12.00
# Visual Studio 15
VisualStudioVersion = 15.0.27428.2037
MinimumVisualStudioVersion = 10.0.40219.1
Project("{9A19103F-16F7-4668-BE54-9A1E7A4F7556}") = "MyEventTracker.Client.Test", "MyEventTracker\MyEventTracker.Client.Test.csproj", "{6BC3FD88-13F3-4CBF-A821-388413AB5391}"
EndProject
Project("{2150E333-8FDC-42A3-9474-1A3956D46DE8}") = "Tests", "Tests", "{16727F7C-D2BB-451A-837B-3160288C0EB4}"
EndProject
Project("{9A19103F-16F7-4668-BE54-9A1E7A4F7556}") = "MyEventTracker.Tests", "MyEventTracker.Tests\MyEventTracker.Tests.csproj", "{C3A43FEA-BEA3-46F7-AE5B-BF9C3B0F59DF}"
EndProject
Project("{9A19103F-16F7-4668-BE54-9A1E7A4F7556}") = "MyEventTracker.Core", "MyEventTracker.Core\MyEventTracker.Core.csproj", "{DCBFAAA8-27C1-40F2-A838-32DA3E1810EA}"
EndProject
Project("{FAE04EC0-301F-11D3-BF4B-00C04F79EFBC}") = "MyEventTracker.Server", "MyEventTracker.Server\MyEventTracker.Server.csproj", "{BD2B9101-2C51-4C62-81AE-0D8F7396B229}"
EndProject
Project("{FAE04EC0-301F-11D3-BF4B-00C04F79EFBC}") = "MyEventTracker.Client", "MyEventTracker.Client\MyEventTracker.Client.csproj", "{BD6DEA5C-5A74-40DA-A1C3-F64816ADCCFD}"
EndProject
Global
	GlobalSection(SolutionConfigurationPlatforms) = preSolution
		Debug|Any CPU = Debug|Any CPU
		Release|Any CPU = Release|Any CPU
	EndGlobalSection
	GlobalSection(ProjectConfigurationPlatforms) = postSolution
		{6BC3FD88-13F3-4CBF-A821-388413AB5391}.Debug|Any CPU.ActiveCfg = Debug|Any CPU
		{6BC3FD88-13F3-4CBF-A821-388413AB5391}.Debug|Any CPU.Build.0 = Debug|Any CPU
		{6BC3FD88-13F3-4CBF-A821-388413AB5391}.Release|Any CPU.ActiveCfg = Release|Any CPU
		{6BC3FD88-13F3-4CBF-A821-388413AB5391}.Release|Any CPU.Build.0 = Release|Any CPU
		{C3A43FEA-BEA3-46F7-AE5B-BF9C3B0F59DF}.Debug|Any CPU.ActiveCfg = Debug|Any CPU
		{C3A43FEA-BEA3-46F7-AE5B-BF9C3B0F59DF}.Debug|Any CPU.Build.0 = Debug|Any CPU
		{C3A43FEA-BEA3-46F7-AE5B-BF9C3B0F59DF}.Release|Any CPU.ActiveCfg = Release|Any CPU
		{C3A43FEA-BEA3-46F7-AE5B-BF9C3B0F59DF}.Release|Any CPU.Build.0 = Release|Any CPU
		{DCBFAAA8-27C1-40F2-A838-32DA3E1810EA}.Debug|Any CPU.ActiveCfg = Debug|Any CPU
		{DCBFAAA8-27C1-40F2-A838-32DA3E1810EA}.Debug|Any CPU.Build.0 = Debug|Any CPU
		{DCBFAAA8-27C1-40F2-A838-32DA3E1810EA}.Release|Any CPU.ActiveCfg = Release|Any CPU
		{DCBFAAA8-27C1-40F2-A838-32DA3E1810EA}.Release|Any CPU.Build.0 = Release|Any CPU
		{BD2B9101-2C51-4C62-81AE-0D8F7396B229}.Debug|Any CPU.ActiveCfg = Debug|Any CPU
		{BD2B9101-2C51-4C62-81AE-0D8F7396B229}.Debug|Any CPU.Build.0 = Debug|Any CPU
		{BD2B9101-2C51-4C62-81AE-0D8F7396B229}.Release|Any CPU.ActiveCfg = Release|Any CPU
		{BD2B9101-2C51-4C62-81AE-0D8F7396B229}.Release|Any CPU.Build.0 = Release|Any CPU
		{BD6DEA5C-5A74-40DA-A1C3-F64816ADCCFD}.Debug|Any CPU.ActiveCfg = Debug|Any CPU
		{BD6DEA5C-5A74-40DA-A1C3-F64816ADCCFD}.Debug|Any CPU.Build.0 = Debug|Any CPU
		{BD6DEA5C-5A74-40DA-A1C3-F64816ADCCFD}.Release|Any CPU.ActiveCfg = Release|Any CPU
		{BD6DEA5C-5A74-40DA-A1C3-F64816ADCCFD}.Release|Any CPU.Build.0 = Release|Any CPU
	EndGlobalSection
	GlobalSection(SolutionProperties) = preSolution
		HideSolutionNode = FALSE
	EndGlobalSection
	GlobalSection(NestedProjects) = preSolution
		{C3A43FEA-BEA3-46F7-AE5B-BF9C3B0F59DF} = {16727F7C-D2BB-451A-837B-3160288C0EB4}
	EndGlobalSection
	GlobalSection(ExtensibilityGlobals) = postSolution
		SolutionGuid = {F1B0505F-20F0-4136-ADCA-373238B578DB}
	EndGlobalSection
EndGlobal
